// !$*UTF8*$!
{
	archiveVersion = 1;
	classes = {
	};
	objectVersion = 46;
	objects = {

/* Begin PBXBuildFile section */
		65289F771DBF96BA004E3D9F /* Player.swift in Sources */ = {isa = PBXBuildFile; fileRef = 65289F761DBF96BA004E3D9F /* Player.swift */; };
		65289F781DBF96BA004E3D9F /* Player.swift in Sources */ = {isa = PBXBuildFile; fileRef = 65289F761DBF96BA004E3D9F /* Player.swift */; };
		657FCCCC1DBA1928009FD766 /* AppDelegate.swift in Sources */ = {isa = PBXBuildFile; fileRef = 657FCCCB1DBA1928009FD766 /* AppDelegate.swift */; };
		657FCCCE1DBA1928009FD766 /* ViewController.swift in Sources */ = {isa = PBXBuildFile; fileRef = 657FCCCD1DBA1928009FD766 /* ViewController.swift */; };
		657FCCD11DBA1928009FD766 /* Main.storyboard in Resources */ = {isa = PBXBuildFile; fileRef = 657FCCCF1DBA1928009FD766 /* Main.storyboard */; };
		657FCCD31DBA1928009FD766 /* Assets.xcassets in Resources */ = {isa = PBXBuildFile; fileRef = 657FCCD21DBA1928009FD766 /* Assets.xcassets */; };
		657FCCD61DBA1928009FD766 /* LaunchScreen.storyboard in Resources */ = {isa = PBXBuildFile; fileRef = 657FCCD41DBA1928009FD766 /* LaunchScreen.storyboard */; };
		657FCCE11DBA1928009FD766 /* ExampleTests.swift in Sources */ = {isa = PBXBuildFile; fileRef = 657FCCE01DBA1928009FD766 /* ExampleTests.swift */; };
		657FCCEE1DBA2A84009FD766 /* AVFoundation.framework in Frameworks */ = {isa = PBXBuildFile; fileRef = 657FCCED1DBA2A84009FD766 /* AVFoundation.framework */; };
/* End PBXBuildFile section */

/* Begin PBXContainerItemProxy section */
		657FCCDD1DBA1928009FD766 /* PBXContainerItemProxy */ = {
			isa = PBXContainerItemProxy;
			containerPortal = 657FCCC01DBA1927009FD766 /* Project object */;
			proxyType = 1;
			remoteGlobalIDString = 657FCCC71DBA1927009FD766;
			remoteInfo = Example;
		};
/* End PBXContainerItemProxy section */

/* Begin PBXFileReference section */
		65289F761DBF96BA004E3D9F /* Player.swift */ = {isa = PBXFileReference; fileEncoding = 4; lastKnownFileType = sourcecode.swift; path = Player.swift; sourceTree = "<group>"; };
		657FCCC81DBA1928009FD766 /* Example.app */ = {isa = PBXFileReference; explicitFileType = wrapper.application; includeInIndex = 0; path = Example.app; sourceTree = BUILT_PRODUCTS_DIR; };
		657FCCCB1DBA1928009FD766 /* AppDelegate.swift */ = {isa = PBXFileReference; lastKnownFileType = sourcecode.swift; path = AppDelegate.swift; sourceTree = "<group>"; };
		657FCCCD1DBA1928009FD766 /* ViewController.swift */ = {isa = PBXFileReference; lastKnownFileType = sourcecode.swift; path = ViewController.swift; sourceTree = "<group>"; };
		657FCCD01DBA1928009FD766 /* Base */ = {isa = PBXFileReference; lastKnownFileType = file.storyboard; name = Base; path = Base.lproj/Main.storyboard; sourceTree = "<group>"; };
		657FCCD21DBA1928009FD766 /* Assets.xcassets */ = {isa = PBXFileReference; lastKnownFileType = folder.assetcatalog; path = Assets.xcassets; sourceTree = "<group>"; };
		657FCCD51DBA1928009FD766 /* Base */ = {isa = PBXFileReference; lastKnownFileType = file.storyboard; name = Base; path = Base.lproj/LaunchScreen.storyboard; sourceTree = "<group>"; };
		657FCCD71DBA1928009FD766 /* Info.plist */ = {isa = PBXFileReference; lastKnownFileType = text.plist.xml; path = Info.plist; sourceTree = "<group>"; };
		657FCCDC1DBA1928009FD766 /* ExampleTests.xctest */ = {isa = PBXFileReference; explicitFileType = wrapper.cfbundle; includeInIndex = 0; path = ExampleTests.xctest; sourceTree = BUILT_PRODUCTS_DIR; };
		657FCCE01DBA1928009FD766 /* ExampleTests.swift */ = {isa = PBXFileReference; lastKnownFileType = sourcecode.swift; path = ExampleTests.swift; sourceTree = "<group>"; };
		657FCCE21DBA1928009FD766 /* Info.plist */ = {isa = PBXFileReference; lastKnownFileType = text.plist.xml; path = Info.plist; sourceTree = "<group>"; };
		657FCCEB1DBA193B009FD766 /* README.md */ = {isa = PBXFileReference; lastKnownFileType = net.daringfireball.markdown; name = README.md; path = ../README.md; sourceTree = "<group>"; };
		657FCCED1DBA2A84009FD766 /* AVFoundation.framework */ = {isa = PBXFileReference; lastKnownFileType = wrapper.framework; name = AVFoundation.framework; path = System/Library/Frameworks/AVFoundation.framework; sourceTree = SDKROOT; };
/* End PBXFileReference section */

/* Begin PBXFrameworksBuildPhase section */
		657FCCC51DBA1927009FD766 /* Frameworks */ = {
			isa = PBXFrameworksBuildPhase;
			buildActionMask = 2147483647;
			files = (
				657FCCEE1DBA2A84009FD766 /* AVFoundation.framework in Frameworks */,
			);
			runOnlyForDeploymentPostprocessing = 0;
		};
		657FCCD91DBA1928009FD766 /* Frameworks */ = {
			isa = PBXFrameworksBuildPhase;
			buildActionMask = 2147483647;
			files = (
			);
			runOnlyForDeploymentPostprocessing = 0;
		};
/* End PBXFrameworksBuildPhase section */

/* Begin PBXGroup section */
		65289F751DBF96BA004E3D9F /* Source */ = {
			isa = PBXGroup;
			children = (
				65289F761DBF96BA004E3D9F /* Player.swift */,
			);
			name = Source;
			path = ../Source;
			sourceTree = "<group>";
		};
		657FCCBF1DBA1927009FD766 = {
			isa = PBXGroup;
			children = (
				657FCCEB1DBA193B009FD766 /* README.md */,
				65289F751DBF96BA004E3D9F /* Source */,
				657FCCCA1DBA1928009FD766 /* Example */,
				657FCCDF1DBA1928009FD766 /* ExampleTests */,
				657FCCC91DBA1928009FD766 /* Products */,
				657FCCEC1DBA2A84009FD766 /* Frameworks */,
			);
			sourceTree = "<group>";
		};
		657FCCC91DBA1928009FD766 /* Products */ = {
			isa = PBXGroup;
			children = (
				657FCCC81DBA1928009FD766 /* Example.app */,
				657FCCDC1DBA1928009FD766 /* ExampleTests.xctest */,
			);
			name = Products;
			sourceTree = "<group>";
		};
		657FCCCA1DBA1928009FD766 /* Example */ = {
			isa = PBXGroup;
			children = (
				657FCCCB1DBA1928009FD766 /* AppDelegate.swift */,
				657FCCCD1DBA1928009FD766 /* ViewController.swift */,
				657FCCCF1DBA1928009FD766 /* Main.storyboard */,
				657FCCD21DBA1928009FD766 /* Assets.xcassets */,
				657FCCD41DBA1928009FD766 /* LaunchScreen.storyboard */,
				657FCCD71DBA1928009FD766 /* Info.plist */,
			);
			path = Example;
			sourceTree = "<group>";
		};
		657FCCDF1DBA1928009FD766 /* ExampleTests */ = {
			isa = PBXGroup;
			children = (
				657FCCE01DBA1928009FD766 /* ExampleTests.swift */,
				657FCCE21DBA1928009FD766 /* Info.plist */,
			);
			path = ExampleTests;
			sourceTree = "<group>";
		};
		657FCCEC1DBA2A84009FD766 /* Frameworks */ = {
			isa = PBXGroup;
			children = (
				657FCCED1DBA2A84009FD766 /* AVFoundation.framework */,
			);
			name = Frameworks;
			sourceTree = "<group>";
		};
/* End PBXGroup section */

/* Begin PBXNativeTarget section */
		657FCCC71DBA1927009FD766 /* Example */ = {
			isa = PBXNativeTarget;
			buildConfigurationList = 657FCCE51DBA1928009FD766 /* Build configuration list for PBXNativeTarget "Example" */;
			buildPhases = (
				657FCCC41DBA1927009FD766 /* Sources */,
				657FCCC51DBA1927009FD766 /* Frameworks */,
				657FCCC61DBA1927009FD766 /* Resources */,
			);
			buildRules = (
			);
			dependencies = (
			);
			name = Example;
			productName = Example;
			productReference = 657FCCC81DBA1928009FD766 /* Example.app */;
			productType = "com.apple.product-type.application";
		};
		657FCCDB1DBA1928009FD766 /* ExampleTests */ = {
			isa = PBXNativeTarget;
			buildConfigurationList = 657FCCE81DBA1928009FD766 /* Build configuration list for PBXNativeTarget "ExampleTests" */;
			buildPhases = (
				657FCCD81DBA1928009FD766 /* Sources */,
				657FCCD91DBA1928009FD766 /* Frameworks */,
				657FCCDA1DBA1928009FD766 /* Resources */,
			);
			buildRules = (
			);
			dependencies = (
				657FCCDE1DBA1928009FD766 /* PBXTargetDependency */,
			);
			name = ExampleTests;
			productName = ExampleTests;
			productReference = 657FCCDC1DBA1928009FD766 /* ExampleTests.xctest */;
			productType = "com.apple.product-type.bundle.unit-test";
		};
/* End PBXNativeTarget section */

/* Begin PBXProject section */
		657FCCC01DBA1927009FD766 /* Project object */ = {
			isa = PBXProject;
			attributes = {
				LastSwiftUpdateCheck = 0800;
				LastUpgradeCheck = 0800;
				ORGANIZATIONNAME = "Bell App Lab";
				TargetAttributes = {
					657FCCC71DBA1927009FD766 = {
						CreatedOnToolsVersion = 8.0;
						ProvisioningStyle = Automatic;
					};
					657FCCDB1DBA1928009FD766 = {
						CreatedOnToolsVersion = 8.0;
						ProvisioningStyle = Automatic;
						TestTargetID = 657FCCC71DBA1927009FD766;
					};
				};
			};
			buildConfigurationList = 657FCCC31DBA1927009FD766 /* Build configuration list for PBXProject "Example" */;
			compatibilityVersion = "Xcode 3.2";
			developmentRegion = English;
			hasScannedForEncodings = 0;
			knownRegions = (
				en,
				Base,
			);
			mainGroup = 657FCCBF1DBA1927009FD766;
			productRefGroup = 657FCCC91DBA1928009FD766 /* Products */;
			projectDirPath = "";
			projectRoot = "";
			targets = (
				657FCCC71DBA1927009FD766 /* Example */,
				657FCCDB1DBA1928009FD766 /* ExampleTests */,
			);
		};
/* End PBXProject section */

/* Begin PBXResourcesBuildPhase section */
		657FCCC61DBA1927009FD766 /* Resources */ = {
			isa = PBXResourcesBuildPhase;
			buildActionMask = 2147483647;
			files = (
				657FCCD61DBA1928009FD766 /* LaunchScreen.storyboard in Resources */,
				657FCCD31DBA1928009FD766 /* Assets.xcassets in Resources */,
				657FCCD11DBA1928009FD766 /* Main.storyboard in Resources */,
			);
			runOnlyForDeploymentPostprocessing = 0;
		};
		657FCCDA1DBA1928009FD766 /* Resources */ = {
			isa = PBXResourcesBuildPhase;
			buildActionMask = 2147483647;
			files = (
			);
			runOnlyForDeploymentPostprocessing = 0;
		};
/* End PBXResourcesBuildPhase section */

/* Begin PBXSourcesBuildPhase section */
		657FCCC41DBA1927009FD766 /* Sources */ = {
			isa = PBXSourcesBuildPhase;
			buildActionMask = 2147483647;
			files = (
				657FCCCE1DBA1928009FD766 /* ViewController.swift in Sources */,
				65289F771DBF96BA004E3D9F /* Player.swift in Sources */,
				657FCCCC1DBA1928009FD766 /* AppDelegate.swift in Sources */,
			);
			runOnlyForDeploymentPostprocessing = 0;
		};
		657FCCD81DBA1928009FD766 /* Sources */ = {
			isa = PBXSourcesBuildPhase;
			buildActionMask = 2147483647;
			files = (
				65289F781DBF96BA004E3D9F /* Player.swift in Sources */,
				657FCCE11DBA1928009FD766 /* ExampleTests.swift in Sources */,
			);
			runOnlyForDeploymentPostprocessing = 0;
		};
/* End PBXSourcesBuildPhase section */

/* Begin PBXTargetDependency section */
		657FCCDE1DBA1928009FD766 /* PBXTargetDependency */ = {
			isa = PBXTargetDependency;
			target = 657FCCC71DBA1927009FD766 /* Example */;
			targetProxy = 657FCCDD1DBA1928009FD766 /* PBXContainerItemProxy */;
		};
/* End PBXTargetDependency section */

/* Begin PBXVariantGroup section */
		657FCCCF1DBA1928009FD766 /* Main.storyboard */ = {
			isa = PBXVariantGroup;
			children = (
				657FCCD01DBA1928009FD766 /* Base */,
			);
			name = Main.storyboard;
			sourceTree = "<group>";
		};
		657FCCD41DBA1928009FD766 /* LaunchScreen.storyboard */ = {
			isa = PBXVariantGroup;
			children = (
				657FCCD51DBA1928009FD766 /* Base */,
			);
			name = LaunchScreen.storyboard;
			sourceTree = "<group>";
		};
/* End PBXVariantGroup section */

/* Begin XCBuildConfiguration section */
		657FCCE31DBA1928009FD766 /* Debug */ = {
			isa = XCBuildConfiguration;
			buildSettings = {
				ALWAYS_SEARCH_USER_PATHS = NO;
				CLANG_ANALYZER_NONNULL = YES;
				CLANG_CXX_LANGUAGE_STANDARD = "gnu++0x";
				CLANG_CXX_LIBRARY = "libc++";
				CLANG_ENABLE_MODULES = YES;
				CLANG_ENABLE_OBJC_ARC = YES;
				CLANG_WARN_BOOL_CONVERSION = YES;
				CLANG_WARN_CONSTANT_CONVERSION = YES;
				CLANG_WARN_DIRECT_OBJC_ISA_USAGE = YES_ERROR;
				CLANG_WARN_DOCUMENTATION_COMMENTS = YES;
				CLANG_WARN_EMPTY_BODY = YES;
				CLANG_WARN_ENUM_CONVERSION = YES;
				CLANG_WARN_INFINITE_RECURSION = YES;
				CLANG_WARN_INT_CONVERSION = YES;
				CLANG_WARN_OBJC_ROOT_CLASS = YES_ERROR;
				CLANG_WARN_SUSPICIOUS_MOVES = YES;
				CLANG_WARN_UNREACHABLE_CODE = YES;
				CLANG_WARN__DUPLICATE_METHOD_MATCH = YES;
				"CODE_SIGN_IDENTITY[sdk=iphoneos*]" = "iPhone Developer";
				COPY_PHASE_STRIP = NO;
				DEBUG_INFORMATION_FORMAT = dwarf;
				ENABLE_STRICT_OBJC_MSGSEND = YES;
				ENABLE_TESTABILITY = YES;
				GCC_C_LANGUAGE_STANDARD = gnu99;
				GCC_DYNAMIC_NO_PIC = NO;
				GCC_NO_COMMON_BLOCKS = YES;
				GCC_OPTIMIZATION_LEVEL = 0;
				GCC_PREPROCESSOR_DEFINITIONS = (
					"DEBUG=1",
					"$(inherited)",
				);
				GCC_WARN_64_TO_32_BIT_CONVERSION = YES;
				GCC_WARN_ABOUT_RETURN_TYPE = YES_ERROR;
				GCC_WARN_UNDECLARED_SELECTOR = YES;
				GCC_WARN_UNINITIALIZED_AUTOS = YES_AGGRESSIVE;
				GCC_WARN_UNUSED_FUNCTION = YES;
				GCC_WARN_UNUSED_VARIABLE = YES;
				IPHONEOS_DEPLOYMENT_TARGET = 10.0;
				MTL_ENABLE_DEBUG_INFO = YES;
				ONLY_ACTIVE_ARCH = YES;
				SDKROOT = iphoneos;
				SWIFT_ACTIVE_COMPILATION_CONDITIONS = DEBUG;
				SWIFT_OPTIMIZATION_LEVEL = "-Onone";
				TARGETED_DEVICE_FAMILY = "1,2";
			};
			name = Debug;
		};
		657FCCE41DBA1928009FD766 /* Release */ = {
			isa = XCBuildConfiguration;
			buildSettings = {
				ALWAYS_SEARCH_USER_PATHS = NO;
				CLANG_ANALYZER_NONNULL = YES;
				CLANG_CXX_LANGUAGE_STANDARD = "gnu++0x";
				CLANG_CXX_LIBRARY = "libc++";
				CLANG_ENABLE_MODULES = YES;
				CLANG_ENABLE_OBJC_ARC = YES;
				CLANG_WARN_BOOL_CONVERSION = YES;
				CLANG_WARN_CONSTANT_CONVERSION = YES;
				CLANG_WARN_DIRECT_OBJC_ISA_USAGE = YES_ERROR;
				CLANG_WARN_DOCUMENTATION_COMMENTS = YES;
				CLANG_WARN_EMPTY_BODY = YES;
				CLANG_WARN_ENUM_CONVERSION = YES;
				CLANG_WARN_INFINITE_RECURSION = YES;
				CLANG_WARN_INT_CONVERSION = YES;
				CLANG_WARN_OBJC_ROOT_CLASS = YES_ERROR;
				CLANG_WARN_SUSPICIOUS_MOVES = YES;
				CLANG_WARN_UNREACHABLE_CODE = YES;
				CLANG_WARN__DUPLICATE_METHOD_MATCH = YES;
				"CODE_SIGN_IDENTITY[sdk=iphoneos*]" = "iPhone Developer";
				COPY_PHASE_STRIP = NO;
				DEBUG_INFORMATION_FORMAT = "dwarf-with-dsym";
				ENABLE_NS_ASSERTIONS = NO;
				ENABLE_STRICT_OBJC_MSGSEND = YES;
				GCC_C_LANGUAGE_STANDARD = gnu99;
				GCC_NO_COMMON_BLOCKS = YES;
				GCC_WARN_64_TO_32_BIT_CONVERSION = YES;
				GCC_WARN_ABOUT_RETURN_TYPE = YES_ERROR;
				GCC_WARN_UNDECLARED_SELECTOR = YES;
				GCC_WARN_UNINITIALIZED_AUTOS = YES_AGGRESSIVE;
				GCC_WARN_UNUSED_FUNCTION = YES;
				GCC_WARN_UNUSED_VARIABLE = YES;
				IPHONEOS_DEPLOYMENT_TARGET = 10.0;
				MTL_ENABLE_DEBUG_INFO = NO;
				SDKROOT = iphoneos;
				SWIFT_OPTIMIZATION_LEVEL = "-Owholemodule";
				TARGETED_DEVICE_FAMILY = "1,2";
				VALIDATE_PRODUCT = YES;
			};
			name = Release;
		};
		657FCCE61DBA1928009FD766 /* Debug */ = {
			isa = XCBuildConfiguration;
			buildSettings = {
				ASSETCATALOG_COMPILER_APPICON_NAME = AppIcon;
				INFOPLIST_FILE = Example/Info.plist;
				LD_RUNPATH_SEARCH_PATHS = "$(inherited) @executable_path/Frameworks";
				PRODUCT_BUNDLE_IDENTIFIER = com.bellapplab.Example;
				PRODUCT_NAME = "$(TARGET_NAME)";
				SWIFT_VERSION = 3.0;
			};
			name = Debug;
		};
		657FCCE71DBA1928009FD766 /* Release */ = {
			isa = XCBuildConfiguration;
			buildSettings = {
				ASSETCATALOG_COMPILER_APPICON_NAME = AppIcon;
				INFOPLIST_FILE = Example/Info.plist;
				LD_RUNPATH_SEARCH_PATHS = "$(inherited) @executable_path/Frameworks";
				PRODUCT_BUNDLE_IDENTIFIER = com.bellapplab.Example;
				PRODUCT_NAME = "$(TARGET_NAME)";
				SWIFT_VERSION = 3.0;
			};
			name = Release;
		};
		657FCCE91DBA1928009FD766 /* Debug */ = {
			isa = XCBuildConfiguration;
			buildSettings = {
				ALWAYS_EMBED_SWIFT_STANDARD_LIBRARIES = YES;
				BUNDLE_LOADER = "$(TEST_HOST)";
				INFOPLIST_FILE = ExampleTests/Info.plist;
				LD_RUNPATH_SEARCH_PATHS = "$(inherited) @executable_path/Frameworks @loader_path/Frameworks";
				PRODUCT_BUNDLE_IDENTIFIER = com.bellapplab.ExampleTests;
				PRODUCT_NAME = "$(TARGET_NAME)";
				SWIFT_VERSION = 3.0;
				TEST_HOST = "$(BUILT_PRODUCTS_DIR)/Example.app/Example";
			};
			name = Debug;
		};
		657FCCEA1DBA1928009FD766 /* Release */ = {
			isa = XCBuildConfiguration;
			buildSettings = {
				ALWAYS_EMBED_SWIFT_STANDARD_LIBRARIES = YES;
				BUNDLE_LOADER = "$(TEST_HOST)";
				INFOPLIST_FILE = ExampleTests/Info.plist;
				LD_RUNPATH_SEARCH_PATHS = "$(inherited) @executable_path/Frameworks @loader_path/Frameworks";
				PRODUCT_BUNDLE_IDENTIFIER = com.bellapplab.ExampleTests;
				PRODUCT_NAME = "$(TARGET_NAME)";
				SWIFT_VERSION = 3.0;
				TEST_HOST = "$(BUILT_PRODUCTS_DIR)/Example.app/Example";
			};
			name = Release;
		};
/* End XCBuildConfiguration section */

/* Begin XCConfigurationList section */
		657FCCC31DBA1927009FD766 /* Build configuration list for PBXProject "Example" */ = {
			isa = XCConfigurationList;
			buildConfigurations = (
				657FCCE31DBA1928009FD766 /* Debug */,
				657FCCE41DBA1928009FD766 /* Release */,
			);
			defaultConfigurationIsVisible = 0;
			defaultConfigurationName = Release;
		};
		657FCCE51DBA1928009FD766 /* Build configuration list for PBXNativeTarget "Example" */ = {
			isa = XCConfigurationList;
			buildConfigurations = (
				657FCCE61DBA1928009FD766 /* Debug */,
				657FCCE71DBA1928009FD766 /* Release */,
			);
			defaultConfigurationIsVisible = 0;
			defaultConfigurationName = Release;
		};
		657FCCE81DBA1928009FD766 /* Build configuration list for PBXNativeTarget "ExampleTests" */ = {
			isa = XCConfigurationList;
			buildConfigurations = (
				657FCCE91DBA1928009FD766 /* Debug */,
				657FCCEA1DBA1928009FD766 /* Release */,
			);
			defaultConfigurationIsVisible = 0;
			defaultConfigurationName = Release;
		};
/* End XCConfigurationList section */
	};
	rootObject = 657FCCC01DBA1927009FD766 /* Project object */;
}
